
Microsoft Visual Studio Solution File, Format Version 12.00
# Visual Studio Version 16
VisualStudioVersion = 16.0.29318.209
MinimumVisualStudioVersion = 10.0.40219.1
Project("{2150E333-8FDC-42A3-9474-1A3956D46DE8}") = "Solution Items", "Solution Items", "{FD90B3B5-D40D-42BC-8024-017848B6E806}"
	ProjectSection(SolutionItems) = preProject
		..\.gitattributes = ..\.gitattributes
		..\.gitignore = ..\.gitignore
		..\appveyor.yml = ..\appveyor.yml
		..\CHANGELOG.md = ..\CHANGELOG.md
		..\LICENSE = ..\LICENSE
		..\nugetpack.cmd = ..\nugetpack.cmd
		..\nugetpack.sh = ..\nugetpack.sh
		..\build\OneSignal.CSharp.SDK.nuspec = ..\build\OneSignal.CSharp.SDK.nuspec
		..\README.md = ..\README.md
	EndProjectSection
EndProject
Project("{FAE04EC0-301F-11D3-BF4B-00C04F79EFBC}") = "OneSignal.CSharp.SDK.NetStandard", "OneSignal.CSharp.SDK.NetStandard\OneSignal.CSharp.SDK.NetStandard.csproj", "{11FEFAE4-D42A-41EB-AE87-DE69EC1EFEEE}"
EndProject
Global
	GlobalSection(SolutionConfigurationPlatforms) = preSolution
		Debug|Any CPU = Debug|Any CPU
		Release|Any CPU = Release|Any CPU
	EndGlobalSection
	GlobalSection(ProjectConfigurationPlatforms) = postSolution
		{11FEFAE4-D42A-41EB-AE87-DE69EC1EFEEE}.Debug|Any CPU.ActiveCfg = Debug|Any CPU
		{11FEFAE4-D42A-41EB-AE87-DE69EC1EFEEE}.Debug|Any CPU.Build.0 = Debug|Any CPU
		{11FEFAE4-D42A-41EB-AE87-DE69EC1EFEEE}.Release|Any CPU.ActiveCfg = Release|Any CPU
		{11FEFAE4-D42A-41EB-AE87-DE69EC1EFEEE}.Release|Any CPU.Build.0 = Release|Any CPU
	EndGlobalSection
	GlobalSection(SolutionProperties) = preSolution
		HideSolutionNode = FALSE
	EndGlobalSection
	GlobalSection(ExtensibilityGlobals) = postSolution
		SolutionGuid = {A7AAA3EB-FA77-4146-9C86-8AC6030A8BB5}
	EndGlobalSection
EndGlobal
